{
  "version": 4,
  "terraform_version": "1.9.5",
  "serial": 4,
  "lineage": "c2e822e9-5cde-5a10-1be2-c6b59e2421bc",
  "outputs": {},
  "resources": [
    {
      "mode": "managed",
      "type": "aws_key_pair",
      "name": "deployer_key",
      "provider": "provider[\"registry.terraform.io/hashicorp/aws\"]",
      "instances": [
        {
          "schema_version": 1,
          "attributes": {
            "arn": "arn:aws:ec2:us-east-1:488323332783:key-pair/deployer",
            "fingerprint": "0f:ff:e0:04:36:a9:4a:a6:3e:81:d8:15:70:84:a0:0a",
            "id": "deployer",
            "key_name": "deployer",
            "key_name_prefix": "",
            "key_pair_id": "key-0c88f26b3048aaa1c",
            "key_type": "rsa",
            "public_key": "ssh-rsa AAAAB3NzaC1yc2EAAAADAQABAAABAQChHDjz5e62WIl3XSWXGfKmdJKwvQi3vK5B1QLhdLYmxsXs0H5WV/fI3KnSxcJnBIp13VQ3FdxFvn+8Esy4Ky76bsUaqbUElQjlsRn3ivkwM+k/JBe2eAfsC/XMWRJ1PNKoEnbuno7DmxXxeww6pxDhqoXM8+Z0tQY/b/KDaaHLlGnFMBOJw3ioIMKtmqO1r2pJAjnSKJ9zjh39pwQAzyWkQ15yqChpxKO7kMiL8nqU5XG2NiK5JbCZJJ0KpLzjZ9NQ7AyO1QThIIoMzRZiF69NVld6oJbvUC1RZjGWrywJYFHn3OECPKdrzOhQgwKdMgzEC8OgckJflztEmdqDMiRf root@INFINITY",
            "tags": null,
            "tags_all": {}
          },
          "sensitive_attributes": [],
          "private": "eyJzY2hlbWFfdmVyc2lvbiI6IjEifQ=="
        }
      ]
    },
    {
      "mode": "managed",
      "type": "aws_security_group",
      "name": "web_sg",
      "provider": "provider[\"registry.terraform.io/hashicorp/aws\"]",
      "instances": [
        {
          "schema_version": 1,
          "attributes": {
            "arn": "arn:aws:ec2:us-east-1:488323332783:security-group/sg-0ffcec99e123466dc",
            "description": "Managed by Terraform",
            "egress": [
              {
                "cidr_blocks": [
                  "0.0.0.0/0"
                ],
                "description": "",
                "from_port": 0,
                "ipv6_cidr_blocks": [],
                "prefix_list_ids": [],
                "protocol": "-1",
                "security_groups": [],
                "self": false,
                "to_port": 0
              }
            ],
            "id": "sg-0ffcec99e123466dc",
            "ingress": [
              {
                "cidr_blocks": [
                  "0.0.0.0/0"
                ],
                "description": "",
                "from_port": 22,
                "ipv6_cidr_blocks": [],
                "prefix_list_ids": [],
                "protocol": "tcp",
                "security_groups": [],
                "self": false,
                "to_port": 22
              },
              {
                "cidr_blocks": [
                  "0.0.0.0/0"
                ],
                "description": "",
                "from_port": 80,
                "ipv6_cidr_blocks": [],
                "prefix_list_ids": [],
                "protocol": "tcp",
                "security_groups": [],
                "self": false,
                "to_port": 80
              }
            ],
            "name": "terraform-web-sg20240905162058857000000001",
            "name_prefix": "terraform-web-sg",
            "owner_id": "488323332783",
            "revoke_rules_on_delete": false,
            "tags": null,
            "tags_all": {},
            "timeouts": null,
            "vpc_id": "vpc-0e5b6a21fa1dd7a78"
          },
          "sensitive_attributes": [],
          "private": "eyJlMmJmYjczMC1lY2FhLTExZTYtOGY4OC0zNDM2M2JjN2M0YzAiOnsiY3JlYXRlIjo2MDAwMDAwMDAwMDAsImRlbGV0ZSI6OTAwMDAwMDAwMDAwfSwic2NoZW1hX3ZlcnNpb24iOiIxIn0="
        }
      ]
    }
  ],
  "check_results": null
}
